
Microsoft Visual Studio Solution File, Format Version 12.00
# Visual Studio 15
VisualStudioVersion = 15.0.28307.705
MinimumVisualStudioVersion = 10.0.40219.1
Project("{FAE04EC0-301F-11D3-BF4B-00C04F79EFBC}") = "DataAgent", "DataAgent\DataAgent.csproj", "{0B1F554B-EB68-4140-A74A-21A331915A68}"
EndProject
Global
	GlobalSection(SolutionConfigurationPlatforms) = preSolution
		Debug|Any CPU = Debug|Any CPU
		Release|Any CPU = Release|Any CPU
	EndGlobalSection
	GlobalSection(ProjectConfigurationPlatforms) = postSolution
		{0B1F554B-EB68-4140-A74A-21A331915A68}.Debug|Any CPU.ActiveCfg = Debug|Any CPU
		{0B1F554B-EB68-4140-A74A-21A331915A68}.Debug|Any CPU.Build.0 = Debug|Any CPU
		{0B1F554B-EB68-4140-A74A-21A331915A68}.Release|Any CPU.ActiveCfg = Release|Any CPU
		{0B1F554B-EB68-4140-A74A-21A331915A68}.Release|Any CPU.Build.0 = Release|Any CPU
	EndGlobalSection
	GlobalSection(SolutionProperties) = preSolution
		HideSolutionNode = FALSE
	EndGlobalSection
	GlobalSection(ExtensibilityGlobals) = postSolution
		SolutionGuid = {45D8BD9F-C062-4E44-ABF4-1D65F963BDF7}
	EndGlobalSection
EndGlobal
